
Microsoft Visual Studio Solution File, Format Version 12.00
# Visual Studio Version 17
VisualStudioVersion = 17.3.32929.385
MinimumVisualStudioVersion = 10.0.40219.1
Project("{FAE04EC0-301F-11D3-BF4B-00C04F79EFBC}") = "yourMemo", "yourMemo\yourMemo.csproj", "{3EDB54FB-5BCC-4509-9F43-89511FE7162C}"
EndProject
Global
	GlobalSection(SolutionConfigurationPlatforms) = preSolution
		Debug|Any CPU = Debug|Any CPU
		Release|Any CPU = Release|Any CPU
	EndGlobalSection
	GlobalSection(ProjectConfigurationPlatforms) = postSolution
		{3EDB54FB-5BCC-4509-9F43-89511FE7162C}.Debug|Any CPU.ActiveCfg = Debug|Any CPU
		{3EDB54FB-5BCC-4509-9F43-89511FE7162C}.Debug|Any CPU.Build.0 = Debug|Any CPU
		{3EDB54FB-5BCC-4509-9F43-89511FE7162C}.Release|Any CPU.ActiveCfg = Release|Any CPU
		{3EDB54FB-5BCC-4509-9F43-89511FE7162C}.Release|Any CPU.Build.0 = Release|Any CPU
	EndGlobalSection
	GlobalSection(SolutionProperties) = preSolution
		HideSolutionNode = FALSE
	EndGlobalSection
	GlobalSection(ExtensibilityGlobals) = postSolution
		SolutionGuid = {7B47FFF5-4D8A-49D6-8C0B-0C892B8569F9}
	EndGlobalSection
EndGlobal
